
Microsoft Visual Studio Solution File, Format Version 12.00
# Visual Studio Version 17
VisualStudioVersion = 17.3.32929.385
MinimumVisualStudioVersion = 10.0.40219.1
Project("{FAE04EC0-301F-11D3-BF4B-00C04F79EFBC}") = "atividade13.profgilmar", "atividade13.profgilmar\atividade13.profgilmar.csproj", "{00473F0E-46C0-4BF3-A5B2-0FAC356FDC8D}"
EndProject
Global
	GlobalSection(SolutionConfigurationPlatforms) = preSolution
		Debug|Any CPU = Debug|Any CPU
		Release|Any CPU = Release|Any CPU
	EndGlobalSection
	GlobalSection(ProjectConfigurationPlatforms) = postSolution
		{00473F0E-46C0-4BF3-A5B2-0FAC356FDC8D}.Debug|Any CPU.ActiveCfg = Debug|Any CPU
		{00473F0E-46C0-4BF3-A5B2-0FAC356FDC8D}.Debug|Any CPU.Build.0 = Debug|Any CPU
		{00473F0E-46C0-4BF3-A5B2-0FAC356FDC8D}.Release|Any CPU.ActiveCfg = Release|Any CPU
		{00473F0E-46C0-4BF3-A5B2-0FAC356FDC8D}.Release|Any CPU.Build.0 = Release|Any CPU
	EndGlobalSection
	GlobalSection(SolutionProperties) = preSolution
		HideSolutionNode = FALSE
	EndGlobalSection
	GlobalSection(ExtensibilityGlobals) = postSolution
		SolutionGuid = {E4B39363-475C-406C-96A6-31D4DE4DA900}
	EndGlobalSection
EndGlobal
