
Microsoft Visual Studio Solution File, Format Version 12.00
# Visual Studio Version 17
VisualStudioVersion = 17.3.32929.385
MinimumVisualStudioVersion = 10.0.40219.1
Project("{FAE04EC0-301F-11D3-BF4B-00C04F79EFBC}") = "atividade11profGilmar", "atividade11profGilmar\atividade11profGilmar.csproj", "{415C3BB3-0CA1-4B7B-AF75-4360E121508B}"
EndProject
Global
	GlobalSection(SolutionConfigurationPlatforms) = preSolution
		Debug|Any CPU = Debug|Any CPU
		Release|Any CPU = Release|Any CPU
	EndGlobalSection
	GlobalSection(ProjectConfigurationPlatforms) = postSolution
		{415C3BB3-0CA1-4B7B-AF75-4360E121508B}.Debug|Any CPU.ActiveCfg = Debug|Any CPU
		{415C3BB3-0CA1-4B7B-AF75-4360E121508B}.Debug|Any CPU.Build.0 = Debug|Any CPU
		{415C3BB3-0CA1-4B7B-AF75-4360E121508B}.Release|Any CPU.ActiveCfg = Release|Any CPU
		{415C3BB3-0CA1-4B7B-AF75-4360E121508B}.Release|Any CPU.Build.0 = Release|Any CPU
	EndGlobalSection
	GlobalSection(SolutionProperties) = preSolution
		HideSolutionNode = FALSE
	EndGlobalSection
	GlobalSection(ExtensibilityGlobals) = postSolution
		SolutionGuid = {B88E1DF4-E705-4375-BEBF-2A0E022201B6}
	EndGlobalSection
EndGlobal
