
Microsoft Visual Studio Solution File, Format Version 12.00
# Visual Studio Version 17
VisualStudioVersion = 17.3.32929.385
MinimumVisualStudioVersion = 10.0.40219.1
Project("{FAE04EC0-301F-11D3-BF4B-00C04F79EFBC}") = "teste1", "teste1\teste1.csproj", "{919EA0D5-E0CD-432A-BC91-F49AD764F66B}"
EndProject
Global
	GlobalSection(SolutionConfigurationPlatforms) = preSolution
		Debug|Any CPU = Debug|Any CPU
		Release|Any CPU = Release|Any CPU
	EndGlobalSection
	GlobalSection(ProjectConfigurationPlatforms) = postSolution
		{919EA0D5-E0CD-432A-BC91-F49AD764F66B}.Debug|Any CPU.ActiveCfg = Debug|Any CPU
		{919EA0D5-E0CD-432A-BC91-F49AD764F66B}.Debug|Any CPU.Build.0 = Debug|Any CPU
		{919EA0D5-E0CD-432A-BC91-F49AD764F66B}.Release|Any CPU.ActiveCfg = Release|Any CPU
		{919EA0D5-E0CD-432A-BC91-F49AD764F66B}.Release|Any CPU.Build.0 = Release|Any CPU
	EndGlobalSection
	GlobalSection(SolutionProperties) = preSolution
		HideSolutionNode = FALSE
	EndGlobalSection
	GlobalSection(ExtensibilityGlobals) = postSolution
		SolutionGuid = {A7744D57-5515-4864-8375-80E74D3B922F}
	EndGlobalSection
EndGlobal
